
Microsoft Visual Studio Solution File, Format Version 12.00
# Visual Studio 14
VisualStudioVersion = 14.0.25123.0
MinimumVisualStudioVersion = 10.0.40219.1
Project("{FAE04EC0-301F-11D3-BF4B-00C04F79EFBC}") = "MichaelsPlace", "MichaelsPlace\MichaelsPlace.csproj", "{E9E1430B-D902-4FC3-ABCA-BAE4F06C9D8B}"
EndProject
Project("{FAE04EC0-301F-11D3-BF4B-00C04F79EFBC}") = "MichaelsPlace.Tests", "MichaelsPlace.Tests\MichaelsPlace.Tests.csproj", "{58C32D7B-E7C9-4C43-96C0-5FF63965FCC9}"
EndProject
Project("{8BB2217D-0F2D-49D1-97BC-3654ED321F3B}") = "MichaelsPlace.App", "MichaelsPlace.App\MichaelsPlace.App.xproj", "{4AAFD9A8-008C-4ADF-8089-90C6ED4B96E3}"
EndProject
Global
	GlobalSection(SolutionConfigurationPlatforms) = preSolution
		Debug|Any CPU = Debug|Any CPU
		Release|Any CPU = Release|Any CPU
	EndGlobalSection
	GlobalSection(ProjectConfigurationPlatforms) = postSolution
		{E9E1430B-D902-4FC3-ABCA-BAE4F06C9D8B}.Debug|Any CPU.ActiveCfg = Debug|Any CPU
		{E9E1430B-D902-4FC3-ABCA-BAE4F06C9D8B}.Debug|Any CPU.Build.0 = Debug|Any CPU
		{E9E1430B-D902-4FC3-ABCA-BAE4F06C9D8B}.Release|Any CPU.ActiveCfg = Release|Any CPU
		{E9E1430B-D902-4FC3-ABCA-BAE4F06C9D8B}.Release|Any CPU.Build.0 = Release|Any CPU
		{58C32D7B-E7C9-4C43-96C0-5FF63965FCC9}.Debug|Any CPU.ActiveCfg = Debug|Any CPU
		{58C32D7B-E7C9-4C43-96C0-5FF63965FCC9}.Debug|Any CPU.Build.0 = Debug|Any CPU
		{58C32D7B-E7C9-4C43-96C0-5FF63965FCC9}.Release|Any CPU.ActiveCfg = Release|Any CPU
		{58C32D7B-E7C9-4C43-96C0-5FF63965FCC9}.Release|Any CPU.Build.0 = Release|Any CPU
		{4AAFD9A8-008C-4ADF-8089-90C6ED4B96E3}.Debug|Any CPU.ActiveCfg = Debug|Any CPU
		{4AAFD9A8-008C-4ADF-8089-90C6ED4B96E3}.Debug|Any CPU.Build.0 = Debug|Any CPU
		{4AAFD9A8-008C-4ADF-8089-90C6ED4B96E3}.Release|Any CPU.ActiveCfg = Release|Any CPU
		{4AAFD9A8-008C-4ADF-8089-90C6ED4B96E3}.Release|Any CPU.Build.0 = Release|Any CPU
	EndGlobalSection
	GlobalSection(SolutionProperties) = preSolution
		HideSolutionNode = FALSE
	EndGlobalSection
EndGlobal
